// !$*UTF8*$!
{
	archiveVersion = 1;
	classes = {
	};
	objectVersion = 51;
	objects = {

/* Begin PBXBuildFile section */
		4C2F5A69265947B400C4EC5A /* ReportView.swift in Sources */ = {isa = PBXBuildFile; fileRef = 4C2F5A68265947B400C4EC5A /* ReportView.swift */; };
		4CB73C242657FE3C0076E91A /* AppDelegate.swift in Sources */ = {isa = PBXBuildFile; fileRef = 4CB73C232657FE3C0076E91A /* AppDelegate.swift */; };
		4CB73C262657FE3C0076E91A /* SceneDelegate.swift in Sources */ = {isa = PBXBuildFile; fileRef = 4CB73C252657FE3C0076E91A /* SceneDelegate.swift */; };
		4CB73C282657FE3C0076E91A /* ProfileViewController.swift in Sources */ = {isa = PBXBuildFile; fileRef = 4CB73C272657FE3C0076E91A /* ProfileViewController.swift */; };
		4CB73C2B2657FE3C0076E91A /* Main.storyboard in Resources */ = {isa = PBXBuildFile; fileRef = 4CB73C292657FE3C0076E91A /* Main.storyboard */; };
		4CB73C2D2657FE3D0076E91A /* Assets.xcassets in Resources */ = {isa = PBXBuildFile; fileRef = 4CB73C2C2657FE3D0076E91A /* Assets.xcassets */; };
		4CB73C302657FE3D0076E91A /* LaunchScreen.storyboard in Resources */ = {isa = PBXBuildFile; fileRef = 4CB73C2E2657FE3D0076E91A /* LaunchScreen.storyboard */; };
		4CB73C3A2658013F0076E91A /* HeaderView.xib in Resources */ = {isa = PBXBuildFile; fileRef = 4CB73C392658013F0076E91A /* HeaderView.xib */; };
		4CB73C41265803C10076E91A /* ReportView.xib in Resources */ = {isa = PBXBuildFile; fileRef = 4CB73C40265803C10076E91A /* ReportView.xib */; };
		4CB73C44265805780076E91A /* UserCardView.xib in Resources */ = {isa = PBXBuildFile; fileRef = 4CB73C43265805780076E91A /* UserCardView.xib */; };
		4CB73C47265817860076E91A /* UserTableViewCell.xib in Resources */ = {isa = PBXBuildFile; fileRef = 4CB73C46265817860076E91A /* UserTableViewCell.xib */; };
		4CB73C5F265833B70076E91A /* HeaderView.swift in Sources */ = {isa = PBXBuildFile; fileRef = 4CB73C5E265833B70076E91A /* HeaderView.swift */; };
		4CB73C6726584A1E0076E91A /* UserTableViewCell.swift in Sources */ = {isa = PBXBuildFile; fileRef = 4CB73C6626584A1E0076E91A /* UserTableViewCell.swift */; };
		4CB73C6E2658542B0076E91A /* User.swift in Sources */ = {isa = PBXBuildFile; fileRef = 4CB73C6D2658542B0076E91A /* User.swift */; };
		4CB73C75265859350076E91A /* user_profile.json in Resources */ = {isa = PBXBuildFile; fileRef = 4CB73C74265859350076E91A /* user_profile.json */; };
		4CB73C7F265936E30076E91A /* ProfileViewModel.swift in Sources */ = {isa = PBXBuildFile; fileRef = 4CB73C7E265936E30076E91A /* ProfileViewModel.swift */; };
		4CB73C84265938260076E91A /* UIView+XIB.swift in Sources */ = {isa = PBXBuildFile; fileRef = 4CB73C83265938260076E91A /* UIView+XIB.swift */; };
		7F4BA1D29B9B7825E7D257D6 /* Pods_ProfileDemo.framework in Frameworks */ = {isa = PBXBuildFile; fileRef = E944FC6A8720F243AB3F409B /* Pods_ProfileDemo.framework */; };
/* End PBXBuildFile section */

/* Begin PBXFileReference section */
		4C2F5A68265947B400C4EC5A /* ReportView.swift */ = {isa = PBXFileReference; lastKnownFileType = sourcecode.swift; path = ReportView.swift; sourceTree = "<group>"; };
		4CB73C202657FE3C0076E91A /* ProfileDemo.app */ = {isa = PBXFileReference; explicitFileType = wrapper.application; includeInIndex = 0; path = ProfileDemo.app; sourceTree = BUILT_PRODUCTS_DIR; };
		4CB73C232657FE3C0076E91A /* AppDelegate.swift */ = {isa = PBXFileReference; lastKnownFileType = sourcecode.swift; path = AppDelegate.swift; sourceTree = "<group>"; };
		4CB73C252657FE3C0076E91A /* SceneDelegate.swift */ = {isa = PBXFileReference; lastKnownFileType = sourcecode.swift; path = SceneDelegate.swift; sourceTree = "<group>"; };
		4CB73C272657FE3C0076E91A /* ProfileViewController.swift */ = {isa = PBXFileReference; lastKnownFileType = sourcecode.swift; path = ProfileViewController.swift; sourceTree = "<group>"; };
		4CB73C2A2657FE3C0076E91A /* Base */ = {isa = PBXFileReference; lastKnownFileType = file.storyboard; name = Base; path = Base.lproj/Main.storyboard; sourceTree = "<group>"; };
		4CB73C2C2657FE3D0076E91A /* Assets.xcassets */ = {isa = PBXFileReference; lastKnownFileType = folder.assetcatalog; path = Assets.xcassets; sourceTree = "<group>"; };
		4CB73C2F2657FE3D0076E91A /* Base */ = {isa = PBXFileReference; lastKnownFileType = file.storyboard; name = Base; path = Base.lproj/LaunchScreen.storyboard; sourceTree = "<group>"; };
		4CB73C312657FE3D0076E91A /* Info.plist */ = {isa = PBXFileReference; lastKnownFileType = text.plist.xml; path = Info.plist; sourceTree = "<group>"; };
		4CB73C392658013F0076E91A /* HeaderView.xib */ = {isa = PBXFileReference; lastKnownFileType = file.xib; path = HeaderView.xib; sourceTree = "<group>"; };
		4CB73C40265803C10076E91A /* ReportView.xib */ = {isa = PBXFileReference; lastKnownFileType = file.xib; path = ReportView.xib; sourceTree = "<group>"; };
		4CB73C43265805780076E91A /* UserCardView.xib */ = {isa = PBXFileReference; lastKnownFileType = file.xib; path = UserCardView.xib; sourceTree = "<group>"; };
		4CB73C46265817860076E91A /* UserTableViewCell.xib */ = {isa = PBXFileReference; lastKnownFileType = file.xib; path = UserTableViewCell.xib; sourceTree = "<group>"; };
		4CB73C5E265833B70076E91A /* HeaderView.swift */ = {isa = PBXFileReference; lastKnownFileType = sourcecode.swift; path = HeaderView.swift; sourceTree = "<group>"; };
		4CB73C6626584A1E0076E91A /* UserTableViewCell.swift */ = {isa = PBXFileReference; lastKnownFileType = sourcecode.swift; path = UserTableViewCell.swift; sourceTree = "<group>"; };
		4CB73C6D2658542B0076E91A /* User.swift */ = {isa = PBXFileReference; lastKnownFileType = sourcecode.swift; path = User.swift; sourceTree = "<group>"; };
		4CB73C74265859350076E91A /* user_profile.json */ = {isa = PBXFileReference; fileEncoding = 4; lastKnownFileType = text.json; path = user_profile.json; sourceTree = "<group>"; };
		4CB73C7E265936E30076E91A /* ProfileViewModel.swift */ = {isa = PBXFileReference; lastKnownFileType = sourcecode.swift; path = ProfileViewModel.swift; sourceTree = "<group>"; };
		4CB73C83265938260076E91A /* UIView+XIB.swift */ = {isa = PBXFileReference; lastKnownFileType = sourcecode.swift; path = "UIView+XIB.swift"; sourceTree = "<group>"; };
		690F083017B954838EF34DF3 /* Pods-ProfileDemo.debug.xcconfig */ = {isa = PBXFileReference; includeInIndex = 1; lastKnownFileType = text.xcconfig; name = "Pods-ProfileDemo.debug.xcconfig"; path = "Target Support Files/Pods-ProfileDemo/Pods-ProfileDemo.debug.xcconfig"; sourceTree = "<group>"; };
		E944FC6A8720F243AB3F409B /* Pods_ProfileDemo.framework */ = {isa = PBXFileReference; explicitFileType = wrapper.framework; includeInIndex = 0; path = Pods_ProfileDemo.framework; sourceTree = BUILT_PRODUCTS_DIR; };
		FB96BD099F138FB031B4D965 /* Pods-ProfileDemo.release.xcconfig */ = {isa = PBXFileReference; includeInIndex = 1; lastKnownFileType = text.xcconfig; name = "Pods-ProfileDemo.release.xcconfig"; path = "Target Support Files/Pods-ProfileDemo/Pods-ProfileDemo.release.xcconfig"; sourceTree = "<group>"; };
/* End PBXFileReference section */

/* Begin PBXFrameworksBuildPhase section */
		4CB73C1D2657FE3C0076E91A /* Frameworks */ = {
			isa = PBXFrameworksBuildPhase;
			buildActionMask = 2147483647;
			files = (
				7F4BA1D29B9B7825E7D257D6 /* Pods_ProfileDemo.framework in Frameworks */,
			);
			runOnlyForDeploymentPostprocessing = 0;
		};
/* End PBXFrameworksBuildPhase section */

/* Begin PBXGroup section */
		0AC4B7DAEBBAC304F3C53737 /* Pods */ = {
			isa = PBXGroup;
			children = (
				690F083017B954838EF34DF3 /* Pods-ProfileDemo.debug.xcconfig */,
				FB96BD099F138FB031B4D965 /* Pods-ProfileDemo.release.xcconfig */,
			);
			path = Pods;
			sourceTree = "<group>";
		};
		4CB73C172657FE3C0076E91A = {
			isa = PBXGroup;
			children = (
				4CB73C222657FE3C0076E91A /* ProfileDemo */,
				4CB73C212657FE3C0076E91A /* Products */,
				0AC4B7DAEBBAC304F3C53737 /* Pods */,
				59539BD960F16335DA4BF17B /* Frameworks */,
			);
			sourceTree = "<group>";
		};
		4CB73C212657FE3C0076E91A /* Products */ = {
			isa = PBXGroup;
			children = (
				4CB73C202657FE3C0076E91A /* ProfileDemo.app */,
			);
			name = Products;
			sourceTree = "<group>";
		};
		4CB73C222657FE3C0076E91A /* ProfileDemo */ = {
			isa = PBXGroup;
			children = (
				4CB73C86265938670076E91A /* ViewModel */,
				4CB73C7A2659363E0076E91A /* Model */,
				4CB73C61265835E60076E91A /* Views */,
				4CB73C822659380F0076E91A /* Extensions */,
				4CB73C232657FE3C0076E91A /* AppDelegate.swift */,
				4CB73C252657FE3C0076E91A /* SceneDelegate.swift */,
				4CB73C292657FE3C0076E91A /* Main.storyboard */,
				4CB73C2E2657FE3D0076E91A /* LaunchScreen.storyboard */,
				4CB73C312657FE3D0076E91A /* Info.plist */,
				4CB73C2C2657FE3D0076E91A /* Assets.xcassets */,
				4CB73C74265859350076E91A /* user_profile.json */,
			);
			path = ProfileDemo;
			sourceTree = "<group>";
		};
		4CB73C61265835E60076E91A /* Views */ = {
			isa = PBXGroup;
			children = (
				4CB73C7D2659369A0076E91A /* Controller */,
				4CB73C79265936060076E91A /* Cell */,
				4CB73C78265935F20076E91A /* Header */,
				4CB73C43265805780076E91A /* UserCardView.xib */,
				4CB73C40265803C10076E91A /* ReportView.xib */,
				4C2F5A68265947B400C4EC5A /* ReportView.swift */,
			);
			path = Views;
			sourceTree = "<group>";
		};
		4CB73C78265935F20076E91A /* Header */ = {
			isa = PBXGroup;
			children = (
				4CB73C5E265833B70076E91A /* HeaderView.swift */,
				4CB73C392658013F0076E91A /* HeaderView.xib */,
			);
			path = Header;
			sourceTree = "<group>";
		};
		4CB73C79265936060076E91A /* Cell */ = {
			isa = PBXGroup;
			children = (
				4CB73C46265817860076E91A /* UserTableViewCell.xib */,
				4CB73C6626584A1E0076E91A /* UserTableViewCell.swift */,
			);
			path = Cell;
			sourceTree = "<group>";
		};
		4CB73C7A2659363E0076E91A /* Model */ = {
			isa = PBXGroup;
			children = (
				4CB73C6D2658542B0076E91A /* User.swift */,
			);
			path = Model;
			sourceTree = "<group>";
		};
		4CB73C7D2659369A0076E91A /* Controller */ = {
			isa = PBXGroup;
			children = (
				4CB73C272657FE3C0076E91A /* ProfileViewController.swift */,
			);
			path = Controller;
			sourceTree = "<group>";
		};
		4CB73C822659380F0076E91A /* Extensions */ = {
			isa = PBXGroup;
			children = (
				4CB73C83265938260076E91A /* UIView+XIB.swift */,
			);
			path = Extensions;
			sourceTree = "<group>";
		};
		4CB73C86265938670076E91A /* ViewModel */ = {
			isa = PBXGroup;
			children = (
				4CB73C7E265936E30076E91A /* ProfileViewModel.swift */,
			);
			path = ViewModel;
			sourceTree = "<group>";
		};
		59539BD960F16335DA4BF17B /* Frameworks */ = {
			isa = PBXGroup;
			children = (
				E944FC6A8720F243AB3F409B /* Pods_ProfileDemo.framework */,
			);
			name = Frameworks;
			sourceTree = "<group>";
		};
/* End PBXGroup section */

/* Begin PBXNativeTarget section */
		4CB73C1F2657FE3C0076E91A /* ProfileDemo */ = {
			isa = PBXNativeTarget;
			buildConfigurationList = 4CB73C342657FE3D0076E91A /* Build configuration list for PBXNativeTarget "ProfileDemo" */;
			buildPhases = (
				42BBDD815E259A608A06B502 /* [CP] Check Pods Manifest.lock */,
				4CB73C1C2657FE3C0076E91A /* Sources */,
				4CB73C1D2657FE3C0076E91A /* Frameworks */,
				4CB73C1E2657FE3C0076E91A /* Resources */,
				DCA451F9B097EB70854EB7A6 /* [CP] Embed Pods Frameworks */,
			);
			buildRules = (
			);
			dependencies = (
			);
			name = ProfileDemo;
			productName = ProfileDemo;
			productReference = 4CB73C202657FE3C0076E91A /* ProfileDemo.app */;
			productType = "com.apple.product-type.application";
		};
/* End PBXNativeTarget section */

/* Begin PBXProject section */
		4CB73C182657FE3C0076E91A /* Project object */ = {
			isa = PBXProject;
			attributes = {
				LastSwiftUpdateCheck = 1230;
				LastUpgradeCheck = 1230;
				TargetAttributes = {
					4CB73C1F2657FE3C0076E91A = {
						CreatedOnToolsVersion = 12.3;
					};
				};
			};
			buildConfigurationList = 4CB73C1B2657FE3C0076E91A /* Build configuration list for PBXProject "ProfileDemo" */;
			compatibilityVersion = "Xcode 9.3";
			developmentRegion = en;
			hasScannedForEncodings = 0;
			knownRegions = (
				en,
				Base,
			);
			mainGroup = 4CB73C172657FE3C0076E91A;
			productRefGroup = 4CB73C212657FE3C0076E91A /* Products */;
			projectDirPath = "";
			projectRoot = "";
			targets = (
				4CB73C1F2657FE3C0076E91A /* ProfileDemo */,
			);
		};
/* End PBXProject section */

/* Begin PBXResourcesBuildPhase section */
		4CB73C1E2657FE3C0076E91A /* Resources */ = {
			isa = PBXResourcesBuildPhase;
			buildActionMask = 2147483647;
			files = (
				4CB73C75265859350076E91A /* user_profile.json in Resources */,
				4CB73C302657FE3D0076E91A /* LaunchScreen.storyboard in Resources */,
				4CB73C41265803C10076E91A /* ReportView.xib in Resources */,
				4CB73C2D2657FE3D0076E91A /* Assets.xcassets in Resources */,
				4CB73C47265817860076E91A /* UserTableViewCell.xib in Resources */,
				4CB73C2B2657FE3C0076E91A /* Main.storyboard in Resources */,
				4CB73C3A2658013F0076E91A /* HeaderView.xib in Resources */,
				4CB73C44265805780076E91A /* UserCardView.xib in Resources */,
			);
			runOnlyForDeploymentPostprocessing = 0;
		};
/* End PBXResourcesBuildPhase section */

/* Begin PBXShellScriptBuildPhase section */
		42BBDD815E259A608A06B502 /* [CP] Check Pods Manifest.lock */ = {
			isa = PBXShellScriptBuildPhase;
			buildActionMask = 2147483647;
			files = (
			);
			inputFileListPaths = (
			);
			inputPaths = (
				"${PODS_PODFILE_DIR_PATH}/Podfile.lock",
				"${PODS_ROOT}/Manifest.lock",
			);
			name = "[CP] Check Pods Manifest.lock";
			outputFileListPaths = (
			);
			outputPaths = (
				"$(DERIVED_FILE_DIR)/Pods-ProfileDemo-checkManifestLockResult.txt",
			);
			runOnlyForDeploymentPostprocessing = 0;
			shellPath = /bin/sh;
			shellScript = "diff \"${PODS_PODFILE_DIR_PATH}/Podfile.lock\" \"${PODS_ROOT}/Manifest.lock\" > /dev/null\nif [ $? != 0 ] ; then\n    # print error to STDERR\n    echo \"error: The sandbox is not in sync with the Podfile.lock. Run 'pod install' or update your CocoaPods installation.\" >&2\n    exit 1\nfi\n# This output is used by Xcode 'outputs' to avoid re-running this script phase.\necho \"SUCCESS\" > \"${SCRIPT_OUTPUT_FILE_0}\"\n";
			showEnvVarsInLog = 0;
		};
		DCA451F9B097EB70854EB7A6 /* [CP] Embed Pods Frameworks */ = {
			isa = PBXShellScriptBuildPhase;
			buildActionMask = 2147483647;
			files = (
			);
			inputFileListPaths = (
				"${PODS_ROOT}/Target Support Files/Pods-ProfileDemo/Pods-ProfileDemo-frameworks-${CONFIGURATION}-input-files.xcfilelist",
			);
			name = "[CP] Embed Pods Frameworks";
			outputFileListPaths = (
				"${PODS_ROOT}/Target Support Files/Pods-ProfileDemo/Pods-ProfileDemo-frameworks-${CONFIGURATION}-output-files.xcfilelist",
			);
			runOnlyForDeploymentPostprocessing = 0;
			shellPath = /bin/sh;
			shellScript = "\"${PODS_ROOT}/Target Support Files/Pods-ProfileDemo/Pods-ProfileDemo-frameworks.sh\"\n";
			showEnvVarsInLog = 0;
		};
/* End PBXShellScriptBuildPhase section */

/* Begin PBXSourcesBuildPhase section */
		4CB73C1C2657FE3C0076E91A /* Sources */ = {
			isa = PBXSourcesBuildPhase;
			buildActionMask = 2147483647;
			files = (
				4CB73C282657FE3C0076E91A /* ProfileViewController.swift in Sources */,
				4CB73C242657FE3C0076E91A /* AppDelegate.swift in Sources */,
				4CB73C84265938260076E91A /* UIView+XIB.swift in Sources */,
				4CB73C6E2658542B0076E91A /* User.swift in Sources */,
				4CB73C262657FE3C0076E91A /* SceneDelegate.swift in Sources */,
				4C2F5A69265947B400C4EC5A /* ReportView.swift in Sources */,
				4CB73C5F265833B70076E91A /* HeaderView.swift in Sources */,
				4CB73C6726584A1E0076E91A /* UserTableViewCell.swift in Sources */,
				4CB73C7F265936E30076E91A /* ProfileViewModel.swift in Sources */,
			);
			runOnlyForDeploymentPostprocessing = 0;
		};
/* End PBXSourcesBuildPhase section */

/* Begin PBXVariantGroup section */
		4CB73C292657FE3C0076E91A /* Main.storyboard */ = {
			isa = PBXVariantGroup;
			children = (
				4CB73C2A2657FE3C0076E91A /* Base */,
			);
			name = Main.storyboard;
			sourceTree = "<group>";
		};
		4CB73C2E2657FE3D0076E91A /* LaunchScreen.storyboard */ = {
			isa = PBXVariantGroup;
			children = (
				4CB73C2F2657FE3D0076E91A /* Base */,
			);
			name = LaunchScreen.storyboard;
			sourceTree = "<group>";
		};
/* End PBXVariantGroup section */

/* Begin XCBuildConfiguration section */
		4CB73C322657FE3D0076E91A /* Debug */ = {
			isa = XCBuildConfiguration;
			buildSettings = {
				ALWAYS_SEARCH_USER_PATHS = NO;
				CLANG_ANALYZER_NONNULL = YES;
				CLANG_ANALYZER_NUMBER_OBJECT_CONVERSION = YES_AGGRESSIVE;
				CLANG_CXX_LANGUAGE_STANDARD = "gnu++14";
				CLANG_CXX_LIBRARY = "libc++";
				CLANG_ENABLE_MODULES = YES;
				CLANG_ENABLE_OBJC_ARC = YES;
				CLANG_ENABLE_OBJC_WEAK = YES;
				CLANG_WARN_BLOCK_CAPTURE_AUTORELEASING = YES;
				CLANG_WARN_BOOL_CONVERSION = YES;
				CLANG_WARN_COMMA = YES;
				CLANG_WARN_CONSTANT_CONVERSION = YES;
				CLANG_WARN_DEPRECATED_OBJC_IMPLEMENTATIONS = YES;
				CLANG_WARN_DIRECT_OBJC_ISA_USAGE = YES_ERROR;
				CLANG_WARN_DOCUMENTATION_COMMENTS = YES;
				CLANG_WARN_EMPTY_BODY = YES;
				CLANG_WARN_ENUM_CONVERSION = YES;
				CLANG_WARN_INFINITE_RECURSION = YES;
				CLANG_WARN_INT_CONVERSION = YES;
				CLANG_WARN_NON_LITERAL_NULL_CONVERSION = YES;
				CLANG_WARN_OBJC_IMPLICIT_RETAIN_SELF = YES;
				CLANG_WARN_OBJC_LITERAL_CONVERSION = YES;
				CLANG_WARN_OBJC_ROOT_CLASS = YES_ERROR;
				CLANG_WARN_QUOTED_INCLUDE_IN_FRAMEWORK_HEADER = YES;
				CLANG_WARN_RANGE_LOOP_ANALYSIS = YES;
				CLANG_WARN_STRICT_PROTOTYPES = YES;
				CLANG_WARN_SUSPICIOUS_MOVE = YES;
				CLANG_WARN_UNGUARDED_AVAILABILITY = YES_AGGRESSIVE;
				CLANG_WARN_UNREACHABLE_CODE = YES;
				CLANG_WARN__DUPLICATE_METHOD_MATCH = YES;
				COPY_PHASE_STRIP = NO;
				DEBUG_INFORMATION_FORMAT = dwarf;
				ENABLE_STRICT_OBJC_MSGSEND = YES;
				ENABLE_TESTABILITY = YES;
				GCC_C_LANGUAGE_STANDARD = gnu11;
				GCC_DYNAMIC_NO_PIC = NO;
				GCC_NO_COMMON_BLOCKS = YES;
				GCC_OPTIMIZATION_LEVEL = 0;
				GCC_PREPROCESSOR_DEFINITIONS = (
					"DEBUG=1",
					"$(inherited)",
				);
				GCC_WARN_64_TO_32_BIT_CONVERSION = YES;
				GCC_WARN_ABOUT_RETURN_TYPE = YES_ERROR;
				GCC_WARN_UNDECLARED_SELECTOR = YES;
				GCC_WARN_UNINITIALIZED_AUTOS = YES_AGGRESSIVE;
				GCC_WARN_UNUSED_FUNCTION = YES;
				GCC_WARN_UNUSED_VARIABLE = YES;
				IPHONEOS_DEPLOYMENT_TARGET = 14.3;
				MTL_ENABLE_DEBUG_INFO = INCLUDE_SOURCE;
				MTL_FAST_MATH = YES;
				ONLY_ACTIVE_ARCH = YES;
				SDKROOT = iphoneos;
				SWIFT_ACTIVE_COMPILATION_CONDITIONS = DEBUG;
				SWIFT_OPTIMIZATION_LEVEL = "-Onone";
			};
			name = Debug;
		};
		4CB73C332657FE3D0076E91A /* Release */ = {
			isa = XCBuildConfiguration;
			buildSettings = {
				ALWAYS_SEARCH_USER_PATHS = NO;
				CLANG_ANALYZER_NONNULL = YES;
				CLANG_ANALYZER_NUMBER_OBJECT_CONVERSION = YES_AGGRESSIVE;
				CLANG_CXX_LANGUAGE_STANDARD = "gnu++14";
				CLANG_CXX_LIBRARY = "libc++";
				CLANG_ENABLE_MODULES = YES;
				CLANG_ENABLE_OBJC_ARC = YES;
				CLANG_ENABLE_OBJC_WEAK = YES;
				CLANG_WARN_BLOCK_CAPTURE_AUTORELEASING = YES;
				CLANG_WARN_BOOL_CONVERSION = YES;
				CLANG_WARN_COMMA = YES;
				CLANG_WARN_CONSTANT_CONVERSION = YES;
				CLANG_WARN_DEPRECATED_OBJC_IMPLEMENTATIONS = YES;
				CLANG_WARN_DIRECT_OBJC_ISA_USAGE = YES_ERROR;
				CLANG_WARN_DOCUMENTATION_COMMENTS = YES;
				CLANG_WARN_EMPTY_BODY = YES;
				CLANG_WARN_ENUM_CONVERSION = YES;
				CLANG_WARN_INFINITE_RECURSION = YES;
				CLANG_WARN_INT_CONVERSION = YES;
				CLANG_WARN_NON_LITERAL_NULL_CONVERSION = YES;
				CLANG_WARN_OBJC_IMPLICIT_RETAIN_SELF = YES;
				CLANG_WARN_OBJC_LITERAL_CONVERSION = YES;
				CLANG_WARN_OBJC_ROOT_CLASS = YES_ERROR;
				CLANG_WARN_QUOTED_INCLUDE_IN_FRAMEWORK_HEADER = YES;
				CLANG_WARN_RANGE_LOOP_ANALYSIS = YES;
				CLANG_WARN_STRICT_PROTOTYPES = YES;
				CLANG_WARN_SUSPICIOUS_MOVE = YES;
				CLANG_WARN_UNGUARDED_AVAILABILITY = YES_AGGRESSIVE;
				CLANG_WARN_UNREACHABLE_CODE = YES;
				CLANG_WARN__DUPLICATE_METHOD_MATCH = YES;
				COPY_PHASE_STRIP = NO;
				DEBUG_INFORMATION_FORMAT = "dwarf-with-dsym";
				ENABLE_NS_ASSERTIONS = NO;
				ENABLE_STRICT_OBJC_MSGSEND = YES;
				GCC_C_LANGUAGE_STANDARD = gnu11;
				GCC_NO_COMMON_BLOCKS = YES;
				GCC_WARN_64_TO_32_BIT_CONVERSION = YES;
				GCC_WARN_ABOUT_RETURN_TYPE = YES_ERROR;
				GCC_WARN_UNDECLARED_SELECTOR = YES;
				GCC_WARN_UNINITIALIZED_AUTOS = YES_AGGRESSIVE;
				GCC_WARN_UNUSED_FUNCTION = YES;
				GCC_WARN_UNUSED_VARIABLE = YES;
				IPHONEOS_DEPLOYMENT_TARGET = 14.3;
				MTL_ENABLE_DEBUG_INFO = NO;
				MTL_FAST_MATH = YES;
				SDKROOT = iphoneos;
				SWIFT_COMPILATION_MODE = wholemodule;
				SWIFT_OPTIMIZATION_LEVEL = "-O";
				VALIDATE_PRODUCT = YES;
			};
			name = Release;
		};
		4CB73C352657FE3D0076E91A /* Debug */ = {
			isa = XCBuildConfiguration;
			baseConfigurationReference = 690F083017B954838EF34DF3 /* Pods-ProfileDemo.debug.xcconfig */;
			buildSettings = {
				ASSETCATALOG_COMPILER_APPICON_NAME = AppIcon;
				ASSETCATALOG_COMPILER_GLOBAL_ACCENT_COLOR_NAME = AccentColor;
				CODE_SIGN_STYLE = Automatic;
				DEVELOPMENT_TEAM = QZP78E637Z;
				INFOPLIST_FILE = ProfileDemo/Info.plist;
				LD_RUNPATH_SEARCH_PATHS = (
					"$(inherited)",
					"@executable_path/Frameworks",
				);
				PRODUCT_BUNDLE_IDENTIFIER = com.test.ProfileDemo;
				PRODUCT_NAME = "$(TARGET_NAME)";
				SWIFT_VERSION = 5.0;
				TARGETED_DEVICE_FAMILY = "1,2";
			};
			name = Debug;
		};
		4CB73C362657FE3D0076E91A /* Release */ = {
			isa = XCBuildConfiguration;
			baseConfigurationReference = FB96BD099F138FB031B4D965 /* Pods-ProfileDemo.release.xcconfig */;
			buildSettings = {
				ASSETCATALOG_COMPILER_APPICON_NAME = AppIcon;
				ASSETCATALOG_COMPILER_GLOBAL_ACCENT_COLOR_NAME = AccentColor;
				CODE_SIGN_STYLE = Automatic;
				DEVELOPMENT_TEAM = QZP78E637Z;
				INFOPLIST_FILE = ProfileDemo/Info.plist;
				LD_RUNPATH_SEARCH_PATHS = (
					"$(inherited)",
					"@executable_path/Frameworks",
				);
				PRODUCT_BUNDLE_IDENTIFIER = com.test.ProfileDemo;
				PRODUCT_NAME = "$(TARGET_NAME)";
				SWIFT_VERSION = 5.0;
				TARGETED_DEVICE_FAMILY = "1,2";
			};
			name = Release;
		};
/* End XCBuildConfiguration section */

/* Begin XCConfigurationList section */
		4CB73C1B2657FE3C0076E91A /* Build configuration list for PBXProject "ProfileDemo" */ = {
			isa = XCConfigurationList;
			buildConfigurations = (
				4CB73C322657FE3D0076E91A /* Debug */,
				4CB73C332657FE3D0076E91A /* Release */,
			);
			defaultConfigurationIsVisible = 0;
			defaultConfigurationName = Release;
		};
		4CB73C342657FE3D0076E91A /* Build configuration list for PBXNativeTarget "ProfileDemo" */ = {
			isa = XCConfigurationList;
			buildConfigurations = (
				4CB73C352657FE3D0076E91A /* Debug */,
				4CB73C362657FE3D0076E91A /* Release */,
			);
			defaultConfigurationIsVisible = 0;
			defaultConfigurationName = Release;
		};
/* End XCConfigurationList section */
	};
	rootObject = 4CB73C182657FE3C0076E91A /* Project object */;
}
